
Microsoft Visual Studio Solution File, Format Version 12.00
# Visual Studio Version 17
VisualStudioVersion = 17.14.36717.8
MinimumVisualStudioVersion = 10.0.40219.1
Project("{FAE04EC0-301F-11D3-BF4B-00C04F79EFBC}") = "sobee_API", "sobee_API\sobee_API.csproj", "{E82EBA8F-4031-4FC8-9FE8-5B4E53CDD6AC}"
EndProject
Project("{FAE04EC0-301F-11D3-BF4B-00C04F79EFBC}") = "Sobee.Domain", "Sobee.Domain\Sobee.Domain.csproj", "{BF30376F-3401-4171-BCAC-E644CE8FB33A}"
EndProject
Global
	GlobalSection(SolutionConfigurationPlatforms) = preSolution
		Debug|Any CPU = Debug|Any CPU
		Release|Any CPU = Release|Any CPU
	EndGlobalSection
	GlobalSection(ProjectConfigurationPlatforms) = postSolution
		{E82EBA8F-4031-4FC8-9FE8-5B4E53CDD6AC}.Debug|Any CPU.ActiveCfg = Debug|Any CPU
		{E82EBA8F-4031-4FC8-9FE8-5B4E53CDD6AC}.Debug|Any CPU.Build.0 = Debug|Any CPU
		{E82EBA8F-4031-4FC8-9FE8-5B4E53CDD6AC}.Release|Any CPU.ActiveCfg = Release|Any CPU
		{E82EBA8F-4031-4FC8-9FE8-5B4E53CDD6AC}.Release|Any CPU.Build.0 = Release|Any CPU
		{BF30376F-3401-4171-BCAC-E644CE8FB33A}.Debug|Any CPU.ActiveCfg = Debug|Any CPU
		{BF30376F-3401-4171-BCAC-E644CE8FB33A}.Debug|Any CPU.Build.0 = Debug|Any CPU
		{BF30376F-3401-4171-BCAC-E644CE8FB33A}.Release|Any CPU.ActiveCfg = Release|Any CPU
		{BF30376F-3401-4171-BCAC-E644CE8FB33A}.Release|Any CPU.Build.0 = Release|Any CPU
	EndGlobalSection
	GlobalSection(SolutionProperties) = preSolution
		HideSolutionNode = FALSE
	EndGlobalSection
	GlobalSection(ExtensibilityGlobals) = postSolution
		SolutionGuid = {53BBE073-64A0-4FFB-9259-3E3F8755C04F}
	EndGlobalSection
EndGlobal
